
Microsoft Visual Studio Solution File, Format Version 12.00
# Visual Studio Version 17
VisualStudioVersion = 17.8.34330.188
MinimumVisualStudioVersion = 10.0.40219.1
Project("{9A19103F-16F7-4668-BE54-9A1E7A4F7556}") = "Calculator", "Calculator\Calculator.csproj", "{60DDF293-523F-4377-9AEC-F973371C6DE3}"
EndProject
Project("{9A19103F-16F7-4668-BE54-9A1E7A4F7556}") = "Calculator.Tests", "Calculator.Tests\Calculator.Tests.csproj", "{6B330D09-AA33-41E5-9D42-96A24ABC5460}"
	ProjectSection(ProjectDependencies) = postProject
		{60DDF293-523F-4377-9AEC-F973371C6DE3} = {60DDF293-523F-4377-9AEC-F973371C6DE3}
	EndProjectSection
EndProject
Project("{9A19103F-16F7-4668-BE54-9A1E7A4F7556}") = "CalculatorAPI", "CalculatorAPI\CalculatorAPI.csproj", "{85241604-8576-4329-A1A2-030E9C30DB0F}"
EndProject
Project("{FAE04EC0-301F-11D3-BF4B-00C04F79EFBC}") = "CalculatorClient", "CalculatorClient\CalculatorClient.csproj", "{A4E554F6-0262-40E3-9039-3F097AF062ED}"
EndProject
Global
	GlobalSection(SolutionConfigurationPlatforms) = preSolution
		Debug|Any CPU = Debug|Any CPU
		Release|Any CPU = Release|Any CPU
	EndGlobalSection
	GlobalSection(ProjectConfigurationPlatforms) = postSolution
		{60DDF293-523F-4377-9AEC-F973371C6DE3}.Debug|Any CPU.ActiveCfg = Debug|Any CPU
		{60DDF293-523F-4377-9AEC-F973371C6DE3}.Debug|Any CPU.Build.0 = Debug|Any CPU
		{60DDF293-523F-4377-9AEC-F973371C6DE3}.Release|Any CPU.ActiveCfg = Release|Any CPU
		{60DDF293-523F-4377-9AEC-F973371C6DE3}.Release|Any CPU.Build.0 = Release|Any CPU
		{6B330D09-AA33-41E5-9D42-96A24ABC5460}.Debug|Any CPU.ActiveCfg = Debug|Any CPU
		{6B330D09-AA33-41E5-9D42-96A24ABC5460}.Debug|Any CPU.Build.0 = Debug|Any CPU
		{6B330D09-AA33-41E5-9D42-96A24ABC5460}.Release|Any CPU.ActiveCfg = Release|Any CPU
		{6B330D09-AA33-41E5-9D42-96A24ABC5460}.Release|Any CPU.Build.0 = Release|Any CPU
		{85241604-8576-4329-A1A2-030E9C30DB0F}.Debug|Any CPU.ActiveCfg = Debug|Any CPU
		{85241604-8576-4329-A1A2-030E9C30DB0F}.Debug|Any CPU.Build.0 = Debug|Any CPU
		{85241604-8576-4329-A1A2-030E9C30DB0F}.Release|Any CPU.ActiveCfg = Release|Any CPU
		{85241604-8576-4329-A1A2-030E9C30DB0F}.Release|Any CPU.Build.0 = Release|Any CPU
		{A4E554F6-0262-40E3-9039-3F097AF062ED}.Debug|Any CPU.ActiveCfg = Debug|Any CPU
		{A4E554F6-0262-40E3-9039-3F097AF062ED}.Debug|Any CPU.Build.0 = Debug|Any CPU
		{A4E554F6-0262-40E3-9039-3F097AF062ED}.Release|Any CPU.ActiveCfg = Release|Any CPU
		{A4E554F6-0262-40E3-9039-3F097AF062ED}.Release|Any CPU.Build.0 = Release|Any CPU
	EndGlobalSection
	GlobalSection(SolutionProperties) = preSolution
		HideSolutionNode = FALSE
	EndGlobalSection
	GlobalSection(ExtensibilityGlobals) = postSolution
		SolutionGuid = {91E59873-D345-4FC6-868C-D7254A2A766B}
	EndGlobalSection
EndGlobal
